
Microsoft Visual Studio Solution File, Format Version 12.00
Project("{8BC9CEB8-8B4A-11D0-8D11-00A0C91BC942}") = "DiceRoller", "Side Projects\DiceRoller\DiceRoller.vcxproj", "{9B3838B2-0E04-41E6-95E7-94EC647DA6AF}"
EndProject
Project("{8BC9CEB8-8B4A-11D0-8D11-00A0C91BC942}") = "Fortunes", "Side Projects\Fortunes\Fortunes.vcxproj", "{01853CC8-E1D8-441F-921A-3312430ED98C}"
EndProject
Project("{8BC9CEB8-8B4A-11D0-8D11-00A0C91BC942}") = "Decoder", "Side Projects\Decoder\Decoder.vcxproj", "{AAF55DDD-E02F-4A21-82FB-2697ADC3F876}"
EndProject
Project("{8BC9CEB8-8B4A-11D0-8D11-00A0C91BC942}") = "Fortunes2", "Side Projects\Fortunes2\Fortunes2.vcxproj", "{B6BDA8FB-8452-43FF-8811-3EFC9A45BD08}"
EndProject
Project("{8BC9CEB8-8B4A-11D0-8D11-00A0C91BC942}") = "ACLES", "Side Projects\ACLES\ACLES.vcxproj", "{51AAA076-21D4-4FE5-A4BC-89EBA9E7C275}"
EndProject
Project("{8BC9CEB8-8B4A-11D0-8D11-00A0C91BC942}") = "Bill", "CSC142\Chapter 2\Bill\Bill.vcxproj", "{93CC683A-6050-4313-B9D9-3DABA54B7362}"
EndProject
Project("{8BC9CEB8-8B4A-11D0-8D11-00A0C91BC942}") = "ByteSize", "CSC142\Chapter 2\ByteSize\ByteSize.vcxproj", "{7B85B35C-351E-436D-B547-4282BCC05156}"
EndProject
Project("{8BC9CEB8-8B4A-11D0-8D11-00A0C91BC942}") = "Diamond", "CSC142\Chapter 2\Diamond\Diamond.vcxproj", "{6CFEAA0E-5738-486B-B1AD-00B4A931C26E}"
EndProject
Project("{8BC9CEB8-8B4A-11D0-8D11-00A0C91BC942}") = "MilesPerGallon", "CSC142\Chapter 3\MilesPerGallon\MilesPerGallon.vcxproj", "{037ABD10-3B6B-46A6-BFD7-61576241BF7E}"
EndProject
Project("{8BC9CEB8-8B4A-11D0-8D11-00A0C91BC942}") = "PizzaParty", "CSC142\Chapter 3\PizzaParty\PizzaParty.vcxproj", "{878B918A-7AB3-422C-A212-D70EEBF020F8}"
EndProject
Project("{8BC9CEB8-8B4A-11D0-8D11-00A0C91BC942}") = "PizzaSlices", "CSC142\Chapter 3\PizzaSlices\PizzaSlices.vcxproj", "{6FA01C99-31CE-4BBB-AE55-8F8D000BAAAF}"
EndProject
Project("{8BC9CEB8-8B4A-11D0-8D11-00A0C91BC942}") = "TestScores", "CSC142\Chapter 3\TestScores\TestScores.vcxproj", "{9FE2514A-8295-45FD-A4DF-5901BF93C3FC}"
EndProject
Project("{8BC9CEB8-8B4A-11D0-8D11-00A0C91BC942}") = "BMI", "CSC142\Chapter 4\BMI\BMI.vcxproj", "{973C324C-B0A0-4C1B-B055-2A75A27A13C3}"
EndProject
Project("{8BC9CEB8-8B4A-11D0-8D11-00A0C91BC942}") = "GeometryCalc", "CSC142\Chapter 4\GeometryCalc\GeometryCalc.vcxproj", "{A34BCCBB-3E2F-4C2F-B5DE-1E2708BDC4B1}"
EndProject
Project("{8BC9CEB8-8B4A-11D0-8D11-00A0C91BC942}") = "MagicDates", "CSC142\Chapter 4\MagicDates\MagicDates.vcxproj", "{C68BB26A-9CBD-4BBF-B8D0-1C239974F1FA}"
EndProject
Project("{8BC9CEB8-8B4A-11D0-8D11-00A0C91BC942}") = "Ascii", "CSC142\Chapter 5\Ascii\Ascii.vcxproj", "{A4E8DE49-5B05-4473-A013-05BB0DE3338F}"
EndProject
Project("{8BC9CEB8-8B4A-11D0-8D11-00A0C91BC942}") = "NumProcessor", "CSC142\Chapter 5\NumProcessor\NumProcessor.vcxproj", "{CB50192B-A35B-490B-8BB4-E123B7066B4D}"
EndProject
Project("{8BC9CEB8-8B4A-11D0-8D11-00A0C91BC942}") = "RandNumGuess", "CSC142\Chapter 5\RandNumGuess\RandNumGuess.vcxproj", "{6545BAF7-B76E-4497-B061-8C4FC4127867}"
EndProject
Project("{8BC9CEB8-8B4A-11D0-8D11-00A0C91BC942}") = "SavingsAccountBal", "CSC142\Chapter 5\SavingsAccountBal\SavingsAccountBal.vcxproj", "{662F6D4C-4FFD-49C7-BBDC-CFECC6F3377E}"
EndProject
Project("{8BC9CEB8-8B4A-11D0-8D11-00A0C91BC942}") = "MdtrmPalindromes", "CSC142\Chapter 6\MdtrmPalindromes\MdtrmPalindromes.vcxproj", "{74575372-BF3C-42E9-80FD-A932C7DD153D}"
EndProject
Project("{8BC9CEB8-8B4A-11D0-8D11-00A0C91BC942}") = "SpecialPalindromes", "CSC142\Chapter 6\SpecialPalindromes\SpecialPalindromes.vcxproj", "{19FDF29D-3ADA-47F3-91ED-23D581FC7D33}"
EndProject
Project("{8BC9CEB8-8B4A-11D0-8D11-00A0C91BC942}") = "RPSLS", "CSC142\Chapter 6\RPSLS\RPSLS.vcxproj", "{89ED8D25-0131-43C0-8F3B-C23C13025798}"
EndProject
Project("{8BC9CEB8-8B4A-11D0-8D11-00A0C91BC942}") = "RPSLS2", "CSC142\Chapter 6\RPSLS2\RPSLS2.vcxproj", "{09633A7A-4E24-49D3-B835-D8A8E79E15D1}"
EndProject
Project("{8BC9CEB8-8B4A-11D0-8D11-00A0C91BC942}") = "RPSLS3", "CSC142\Chapter 6\RPSLS3\RPSLS3.vcxproj", "{438D7EF8-2265-4E20-9196-14F5458D70E9}"
EndProject
Project("{8BC9CEB8-8B4A-11D0-8D11-00A0C91BC942}") = "RandArray", "CSC142\Chapter 7\RandArray\RandArray.vcxproj", "{57F41F79-2864-4F7E-8A1A-260746E403F9}"
EndProject
Project("{8BC9CEB8-8B4A-11D0-8D11-00A0C91BC942}") = "TicTacToe", "CSC142\Chapter 7\TicTacToe\TicTacToe.vcxproj", "{FCAD0686-A6D4-4E62-84B0-CE64E8AA1D21}"
EndProject
Project("{8BC9CEB8-8B4A-11D0-8D11-00A0C91BC942}") = "Vector", "CSC142\Chapter 7\Vector\Vector.vcxproj", "{84557AE5-0981-4297-A57B-956008D8E677}"
EndProject
Project("{8BC9CEB8-8B4A-11D0-8D11-00A0C91BC942}") = "FinalAlgorithms", "CSC142\Chapter 8\FinalAlgorithms\FinalAlgorithms.vcxproj", "{6FAD7750-F050-43EC-9369-A66ECC3D768B}"
EndProject
Project("{8BC9CEB8-8B4A-11D0-8D11-00A0C91BC942}") = "MoneyCoins", "CSC153\Chapter 9\MoneyCoins\MoneyCoins.vcxproj", "{3DA8E106-187B-4DF8-8A81-D08D8A418710}"
EndProject
Project("{8BC9CEB8-8B4A-11D0-8D11-00A0C91BC942}") = "WordPlay", "CSC153\Chapter 10\WordPlay\WordPlay.vcxproj", "{2C721F3F-428F-470B-8387-0D5235065097}"
EndProject
Project("{8BC9CEB8-8B4A-11D0-8D11-00A0C91BC942}") = "KornerKart", "CSC153\Chapter 11\KornerKart\KornerKart.vcxproj", "{76B97EAB-520C-4749-8359-C8F394D6E91F}"
EndProject
Project("{8BC9CEB8-8B4A-11D0-8D11-00A0C91BC942}") = "MidtermVendorKart", "CSC153\Chapter 12\MidtermVendorKart\MidtermVendorKart.vcxproj", "{9564D875-8DDC-4C02-84AE-9351BE4CEDD3}"
EndProject
Project("{8BC9CEB8-8B4A-11D0-8D11-00A0C91BC942}") = "FinalQuizGame", "CSC153\Chapter 13\FinalQuizGame\FinalQuizGame.vcxproj", "{763434BC-49FC-4B70-9F86-D4028BFE21F1}"
EndProject
Global
	GlobalSection(SolutionConfigurationPlatforms) = preSolution
		Debug|Any CPU = Debug|Any CPU
		Release|Any CPU = Release|Any CPU
	EndGlobalSection
	GlobalSection(ProjectConfigurationPlatforms) = postSolution
		{9B3838B2-0E04-41E6-95E7-94EC647DA6AF}.Debug|Any CPU.ActiveCfg = Debug|Win32
		{9B3838B2-0E04-41E6-95E7-94EC647DA6AF}.Debug|Any CPU.Build.0 = Debug|Win32
		{9B3838B2-0E04-41E6-95E7-94EC647DA6AF}.Release|Any CPU.ActiveCfg = Release|Win32
		{9B3838B2-0E04-41E6-95E7-94EC647DA6AF}.Release|Any CPU.Build.0 = Release|Win32
		{01853CC8-E1D8-441F-921A-3312430ED98C}.Debug|Any CPU.ActiveCfg = Debug|Win32
		{01853CC8-E1D8-441F-921A-3312430ED98C}.Debug|Any CPU.Build.0 = Debug|Win32
		{01853CC8-E1D8-441F-921A-3312430ED98C}.Release|Any CPU.ActiveCfg = Release|Win32
		{01853CC8-E1D8-441F-921A-3312430ED98C}.Release|Any CPU.Build.0 = Release|Win32
		{AAF55DDD-E02F-4A21-82FB-2697ADC3F876}.Debug|Any CPU.ActiveCfg = Debug|Win32
		{AAF55DDD-E02F-4A21-82FB-2697ADC3F876}.Debug|Any CPU.Build.0 = Debug|Win32
		{AAF55DDD-E02F-4A21-82FB-2697ADC3F876}.Release|Any CPU.ActiveCfg = Release|Win32
		{AAF55DDD-E02F-4A21-82FB-2697ADC3F876}.Release|Any CPU.Build.0 = Release|Win32
		{B6BDA8FB-8452-43FF-8811-3EFC9A45BD08}.Debug|Any CPU.ActiveCfg = Debug|Win32
		{B6BDA8FB-8452-43FF-8811-3EFC9A45BD08}.Debug|Any CPU.Build.0 = Debug|Win32
		{B6BDA8FB-8452-43FF-8811-3EFC9A45BD08}.Release|Any CPU.ActiveCfg = Release|Win32
		{B6BDA8FB-8452-43FF-8811-3EFC9A45BD08}.Release|Any CPU.Build.0 = Release|Win32
		{51AAA076-21D4-4FE5-A4BC-89EBA9E7C275}.Debug|Any CPU.ActiveCfg = Debug|Win32
		{51AAA076-21D4-4FE5-A4BC-89EBA9E7C275}.Debug|Any CPU.Build.0 = Debug|Win32
		{51AAA076-21D4-4FE5-A4BC-89EBA9E7C275}.Release|Any CPU.ActiveCfg = Release|Win32
		{51AAA076-21D4-4FE5-A4BC-89EBA9E7C275}.Release|Any CPU.Build.0 = Release|Win32
		{93CC683A-6050-4313-B9D9-3DABA54B7362}.Debug|Any CPU.ActiveCfg = Debug|Win32
		{93CC683A-6050-4313-B9D9-3DABA54B7362}.Debug|Any CPU.Build.0 = Debug|Win32
		{93CC683A-6050-4313-B9D9-3DABA54B7362}.Release|Any CPU.ActiveCfg = Release|Win32
		{93CC683A-6050-4313-B9D9-3DABA54B7362}.Release|Any CPU.Build.0 = Release|Win32
		{7B85B35C-351E-436D-B547-4282BCC05156}.Debug|Any CPU.ActiveCfg = Debug|Win32
		{7B85B35C-351E-436D-B547-4282BCC05156}.Debug|Any CPU.Build.0 = Debug|Win32
		{7B85B35C-351E-436D-B547-4282BCC05156}.Release|Any CPU.ActiveCfg = Release|Win32
		{7B85B35C-351E-436D-B547-4282BCC05156}.Release|Any CPU.Build.0 = Release|Win32
		{6CFEAA0E-5738-486B-B1AD-00B4A931C26E}.Debug|Any CPU.ActiveCfg = Debug|Win32
		{6CFEAA0E-5738-486B-B1AD-00B4A931C26E}.Debug|Any CPU.Build.0 = Debug|Win32
		{6CFEAA0E-5738-486B-B1AD-00B4A931C26E}.Release|Any CPU.ActiveCfg = Release|Win32
		{6CFEAA0E-5738-486B-B1AD-00B4A931C26E}.Release|Any CPU.Build.0 = Release|Win32
		{037ABD10-3B6B-46A6-BFD7-61576241BF7E}.Debug|Any CPU.ActiveCfg = Debug|Win32
		{037ABD10-3B6B-46A6-BFD7-61576241BF7E}.Debug|Any CPU.Build.0 = Debug|Win32
		{037ABD10-3B6B-46A6-BFD7-61576241BF7E}.Release|Any CPU.ActiveCfg = Release|Win32
		{037ABD10-3B6B-46A6-BFD7-61576241BF7E}.Release|Any CPU.Build.0 = Release|Win32
		{878B918A-7AB3-422C-A212-D70EEBF020F8}.Debug|Any CPU.ActiveCfg = Debug|Win32
		{878B918A-7AB3-422C-A212-D70EEBF020F8}.Debug|Any CPU.Build.0 = Debug|Win32
		{878B918A-7AB3-422C-A212-D70EEBF020F8}.Release|Any CPU.ActiveCfg = Release|Win32
		{878B918A-7AB3-422C-A212-D70EEBF020F8}.Release|Any CPU.Build.0 = Release|Win32
		{6FA01C99-31CE-4BBB-AE55-8F8D000BAAAF}.Debug|Any CPU.ActiveCfg = Debug|Win32
		{6FA01C99-31CE-4BBB-AE55-8F8D000BAAAF}.Debug|Any CPU.Build.0 = Debug|Win32
		{6FA01C99-31CE-4BBB-AE55-8F8D000BAAAF}.Release|Any CPU.ActiveCfg = Release|Win32
		{6FA01C99-31CE-4BBB-AE55-8F8D000BAAAF}.Release|Any CPU.Build.0 = Release|Win32
		{9FE2514A-8295-45FD-A4DF-5901BF93C3FC}.Debug|Any CPU.ActiveCfg = Debug|Win32
		{9FE2514A-8295-45FD-A4DF-5901BF93C3FC}.Debug|Any CPU.Build.0 = Debug|Win32
		{9FE2514A-8295-45FD-A4DF-5901BF93C3FC}.Release|Any CPU.ActiveCfg = Release|Win32
		{9FE2514A-8295-45FD-A4DF-5901BF93C3FC}.Release|Any CPU.Build.0 = Release|Win32
		{973C324C-B0A0-4C1B-B055-2A75A27A13C3}.Debug|Any CPU.ActiveCfg = Debug|Win32
		{973C324C-B0A0-4C1B-B055-2A75A27A13C3}.Debug|Any CPU.Build.0 = Debug|Win32
		{973C324C-B0A0-4C1B-B055-2A75A27A13C3}.Release|Any CPU.ActiveCfg = Release|Win32
		{973C324C-B0A0-4C1B-B055-2A75A27A13C3}.Release|Any CPU.Build.0 = Release|Win32
		{A34BCCBB-3E2F-4C2F-B5DE-1E2708BDC4B1}.Debug|Any CPU.ActiveCfg = Debug|Win32
		{A34BCCBB-3E2F-4C2F-B5DE-1E2708BDC4B1}.Debug|Any CPU.Build.0 = Debug|Win32
		{A34BCCBB-3E2F-4C2F-B5DE-1E2708BDC4B1}.Release|Any CPU.ActiveCfg = Release|Win32
		{A34BCCBB-3E2F-4C2F-B5DE-1E2708BDC4B1}.Release|Any CPU.Build.0 = Release|Win32
		{C68BB26A-9CBD-4BBF-B8D0-1C239974F1FA}.Debug|Any CPU.ActiveCfg = Debug|Win32
		{C68BB26A-9CBD-4BBF-B8D0-1C239974F1FA}.Debug|Any CPU.Build.0 = Debug|Win32
		{C68BB26A-9CBD-4BBF-B8D0-1C239974F1FA}.Release|Any CPU.ActiveCfg = Release|Win32
		{C68BB26A-9CBD-4BBF-B8D0-1C239974F1FA}.Release|Any CPU.Build.0 = Release|Win32
		{A4E8DE49-5B05-4473-A013-05BB0DE3338F}.Debug|Any CPU.ActiveCfg = Debug|Win32
		{A4E8DE49-5B05-4473-A013-05BB0DE3338F}.Debug|Any CPU.Build.0 = Debug|Win32
		{A4E8DE49-5B05-4473-A013-05BB0DE3338F}.Release|Any CPU.ActiveCfg = Release|Win32
		{A4E8DE49-5B05-4473-A013-05BB0DE3338F}.Release|Any CPU.Build.0 = Release|Win32
		{CB50192B-A35B-490B-8BB4-E123B7066B4D}.Debug|Any CPU.ActiveCfg = Debug|Win32
		{CB50192B-A35B-490B-8BB4-E123B7066B4D}.Debug|Any CPU.Build.0 = Debug|Win32
		{CB50192B-A35B-490B-8BB4-E123B7066B4D}.Release|Any CPU.ActiveCfg = Release|Win32
		{CB50192B-A35B-490B-8BB4-E123B7066B4D}.Release|Any CPU.Build.0 = Release|Win32
		{6545BAF7-B76E-4497-B061-8C4FC4127867}.Debug|Any CPU.ActiveCfg = Debug|Win32
		{6545BAF7-B76E-4497-B061-8C4FC4127867}.Debug|Any CPU.Build.0 = Debug|Win32
		{6545BAF7-B76E-4497-B061-8C4FC4127867}.Release|Any CPU.ActiveCfg = Release|Win32
		{6545BAF7-B76E-4497-B061-8C4FC4127867}.Release|Any CPU.Build.0 = Release|Win32
		{662F6D4C-4FFD-49C7-BBDC-CFECC6F3377E}.Debug|Any CPU.ActiveCfg = Debug|Win32
		{662F6D4C-4FFD-49C7-BBDC-CFECC6F3377E}.Debug|Any CPU.Build.0 = Debug|Win32
		{662F6D4C-4FFD-49C7-BBDC-CFECC6F3377E}.Release|Any CPU.ActiveCfg = Release|Win32
		{662F6D4C-4FFD-49C7-BBDC-CFECC6F3377E}.Release|Any CPU.Build.0 = Release|Win32
		{74575372-BF3C-42E9-80FD-A932C7DD153D}.Debug|Any CPU.ActiveCfg = Debug|Win32
		{74575372-BF3C-42E9-80FD-A932C7DD153D}.Debug|Any CPU.Build.0 = Debug|Win32
		{74575372-BF3C-42E9-80FD-A932C7DD153D}.Release|Any CPU.ActiveCfg = Release|Win32
		{74575372-BF3C-42E9-80FD-A932C7DD153D}.Release|Any CPU.Build.0 = Release|Win32
		{19FDF29D-3ADA-47F3-91ED-23D581FC7D33}.Debug|Any CPU.ActiveCfg = Debug|Win32
		{19FDF29D-3ADA-47F3-91ED-23D581FC7D33}.Debug|Any CPU.Build.0 = Debug|Win32
		{19FDF29D-3ADA-47F3-91ED-23D581FC7D33}.Release|Any CPU.ActiveCfg = Release|Win32
		{19FDF29D-3ADA-47F3-91ED-23D581FC7D33}.Release|Any CPU.Build.0 = Release|Win32
		{89ED8D25-0131-43C0-8F3B-C23C13025798}.Debug|Any CPU.ActiveCfg = Debug|Win32
		{89ED8D25-0131-43C0-8F3B-C23C13025798}.Debug|Any CPU.Build.0 = Debug|Win32
		{89ED8D25-0131-43C0-8F3B-C23C13025798}.Release|Any CPU.ActiveCfg = Release|Win32
		{89ED8D25-0131-43C0-8F3B-C23C13025798}.Release|Any CPU.Build.0 = Release|Win32
		{09633A7A-4E24-49D3-B835-D8A8E79E15D1}.Debug|Any CPU.ActiveCfg = Debug|Win32
		{09633A7A-4E24-49D3-B835-D8A8E79E15D1}.Debug|Any CPU.Build.0 = Debug|Win32
		{09633A7A-4E24-49D3-B835-D8A8E79E15D1}.Release|Any CPU.ActiveCfg = Release|Win32
		{09633A7A-4E24-49D3-B835-D8A8E79E15D1}.Release|Any CPU.Build.0 = Release|Win32
		{438D7EF8-2265-4E20-9196-14F5458D70E9}.Debug|Any CPU.ActiveCfg = Debug|Win32
		{438D7EF8-2265-4E20-9196-14F5458D70E9}.Debug|Any CPU.Build.0 = Debug|Win32
		{438D7EF8-2265-4E20-9196-14F5458D70E9}.Release|Any CPU.ActiveCfg = Release|Win32
		{438D7EF8-2265-4E20-9196-14F5458D70E9}.Release|Any CPU.Build.0 = Release|Win32
		{57F41F79-2864-4F7E-8A1A-260746E403F9}.Debug|Any CPU.ActiveCfg = Debug|Win32
		{57F41F79-2864-4F7E-8A1A-260746E403F9}.Debug|Any CPU.Build.0 = Debug|Win32
		{57F41F79-2864-4F7E-8A1A-260746E403F9}.Release|Any CPU.ActiveCfg = Release|Win32
		{57F41F79-2864-4F7E-8A1A-260746E403F9}.Release|Any CPU.Build.0 = Release|Win32
		{FCAD0686-A6D4-4E62-84B0-CE64E8AA1D21}.Debug|Any CPU.ActiveCfg = Debug|Win32
		{FCAD0686-A6D4-4E62-84B0-CE64E8AA1D21}.Debug|Any CPU.Build.0 = Debug|Win32
		{FCAD0686-A6D4-4E62-84B0-CE64E8AA1D21}.Release|Any CPU.ActiveCfg = Release|Win32
		{FCAD0686-A6D4-4E62-84B0-CE64E8AA1D21}.Release|Any CPU.Build.0 = Release|Win32
		{84557AE5-0981-4297-A57B-956008D8E677}.Debug|Any CPU.ActiveCfg = Debug|Win32
		{84557AE5-0981-4297-A57B-956008D8E677}.Debug|Any CPU.Build.0 = Debug|Win32
		{84557AE5-0981-4297-A57B-956008D8E677}.Release|Any CPU.ActiveCfg = Release|Win32
		{84557AE5-0981-4297-A57B-956008D8E677}.Release|Any CPU.Build.0 = Release|Win32
		{6FAD7750-F050-43EC-9369-A66ECC3D768B}.Debug|Any CPU.ActiveCfg = Debug|Win32
		{6FAD7750-F050-43EC-9369-A66ECC3D768B}.Debug|Any CPU.Build.0 = Debug|Win32
		{6FAD7750-F050-43EC-9369-A66ECC3D768B}.Release|Any CPU.ActiveCfg = Release|Win32
		{6FAD7750-F050-43EC-9369-A66ECC3D768B}.Release|Any CPU.Build.0 = Release|Win32
		{3DA8E106-187B-4DF8-8A81-D08D8A418710}.Debug|Any CPU.ActiveCfg = Debug|Win32
		{3DA8E106-187B-4DF8-8A81-D08D8A418710}.Debug|Any CPU.Build.0 = Debug|Win32
		{3DA8E106-187B-4DF8-8A81-D08D8A418710}.Release|Any CPU.ActiveCfg = Release|Win32
		{3DA8E106-187B-4DF8-8A81-D08D8A418710}.Release|Any CPU.Build.0 = Release|Win32
		{2C721F3F-428F-470B-8387-0D5235065097}.Debug|Any CPU.ActiveCfg = Debug|Win32
		{2C721F3F-428F-470B-8387-0D5235065097}.Debug|Any CPU.Build.0 = Debug|Win32
		{2C721F3F-428F-470B-8387-0D5235065097}.Release|Any CPU.ActiveCfg = Release|Win32
		{2C721F3F-428F-470B-8387-0D5235065097}.Release|Any CPU.Build.0 = Release|Win32
		{76B97EAB-520C-4749-8359-C8F394D6E91F}.Debug|Any CPU.ActiveCfg = Debug|Win32
		{76B97EAB-520C-4749-8359-C8F394D6E91F}.Debug|Any CPU.Build.0 = Debug|Win32
		{76B97EAB-520C-4749-8359-C8F394D6E91F}.Release|Any CPU.ActiveCfg = Release|Win32
		{76B97EAB-520C-4749-8359-C8F394D6E91F}.Release|Any CPU.Build.0 = Release|Win32
		{9564D875-8DDC-4C02-84AE-9351BE4CEDD3}.Debug|Any CPU.ActiveCfg = Debug|Win32
		{9564D875-8DDC-4C02-84AE-9351BE4CEDD3}.Debug|Any CPU.Build.0 = Debug|Win32
		{9564D875-8DDC-4C02-84AE-9351BE4CEDD3}.Release|Any CPU.ActiveCfg = Release|Win32
		{9564D875-8DDC-4C02-84AE-9351BE4CEDD3}.Release|Any CPU.Build.0 = Release|Win32
		{763434BC-49FC-4B70-9F86-D4028BFE21F1}.Debug|Any CPU.ActiveCfg = Debug|Win32
		{763434BC-49FC-4B70-9F86-D4028BFE21F1}.Debug|Any CPU.Build.0 = Debug|Win32
		{763434BC-49FC-4B70-9F86-D4028BFE21F1}.Release|Any CPU.ActiveCfg = Release|Win32
		{763434BC-49FC-4B70-9F86-D4028BFE21F1}.Release|Any CPU.Build.0 = Release|Win32
	EndGlobalSection
EndGlobal
